
Microsoft Visual Studio Solution File, Format Version 11.00
# Visual Studio 2010
Project("{8BC9CEB8-8B4A-11D0-8D11-00A0C91BC942}") = "t1", "t1\t1.vcxproj", "{4633232E-A22F-4398-AAD0-4FC4F1FC6958}"
EndProject
Global
	GlobalSection(SolutionConfigurationPlatforms) = preSolution
		Debug|Win32 = Debug|Win32
		Release|Win32 = Release|Win32
	EndGlobalSection
	GlobalSection(ProjectConfigurationPlatforms) = postSolution
		{4633232E-A22F-4398-AAD0-4FC4F1FC6958}.Debug|Win32.ActiveCfg = Debug|Win32
		{4633232E-A22F-4398-AAD0-4FC4F1FC6958}.Debug|Win32.Build.0 = Debug|Win32
		{4633232E-A22F-4398-AAD0-4FC4F1FC6958}.Release|Win32.ActiveCfg = Release|Win32
		{4633232E-A22F-4398-AAD0-4FC4F1FC6958}.Release|Win32.Build.0 = Release|Win32
	EndGlobalSection
	GlobalSection(SolutionProperties) = preSolution
		HideSolutionNode = FALSE
	EndGlobalSection
EndGlobal
