
Microsoft Visual Studio Solution File, Format Version 12.00
# Visual Studio Express 2012 for Windows Desktop
Project("{8BC9CEB8-8B4A-11D0-8D11-00A0C91BC942}") = "sandboard", "sandboard\sandboard.vcxproj", "{A06A7C37-535C-4530-B657-8FF7A19A5FC7}"
EndProject
Global
	GlobalSection(SolutionConfigurationPlatforms) = preSolution
		Debug|Win32 = Debug|Win32
		Release|Win32 = Release|Win32
	EndGlobalSection
	GlobalSection(ProjectConfigurationPlatforms) = postSolution
		{A06A7C37-535C-4530-B657-8FF7A19A5FC7}.Debug|Win32.ActiveCfg = Debug|Win32
		{A06A7C37-535C-4530-B657-8FF7A19A5FC7}.Debug|Win32.Build.0 = Debug|Win32
		{A06A7C37-535C-4530-B657-8FF7A19A5FC7}.Release|Win32.ActiveCfg = Release|Win32
		{A06A7C37-535C-4530-B657-8FF7A19A5FC7}.Release|Win32.Build.0 = Release|Win32
	EndGlobalSection
	GlobalSection(SolutionProperties) = preSolution
		HideSolutionNode = FALSE
	EndGlobalSection
EndGlobal
